
Microsoft Visual Studio Solution File, Format Version 12.00
# Visual Studio Version 17
VisualStudioVersion = 17.5.002.0
MinimumVisualStudioVersion = 10.0.40219.1
Project("{2150E333-8FDC-42A3-9474-1A3956D46DE8}") = "csharp-prep", "csharp-prep", "{4A1C614D-8195-41F5-81C9-EA356E988217}"
EndProject
Project("{9A19103F-16F7-4668-BE54-9A1E7A4F7556}") = "Prep1", "csharp-prep\Prep1\Prep1.csproj", "{9B31C4E2-E74A-4573-8B83-7A1761798344}"
EndProject
Project("{9A19103F-16F7-4668-BE54-9A1E7A4F7556}") = "Prep2", "csharp-prep\Prep2\Prep2.csproj", "{42602A83-126D-446D-B355-AD82F0D05429}"
EndProject
Project("{9A19103F-16F7-4668-BE54-9A1E7A4F7556}") = "Prep3", "csharp-prep\Prep3\Prep3.csproj", "{66603EAA-2048-4D06-AF89-E00685F7ACD6}"
EndProject
Project("{9A19103F-16F7-4668-BE54-9A1E7A4F7556}") = "Prep4", "csharp-prep\Prep4\Prep4.csproj", "{06D3AA24-1D67-4B61-8569-03D6DFFC3C0A}"
EndProject
Project("{9A19103F-16F7-4668-BE54-9A1E7A4F7556}") = "Prep5", "csharp-prep\Prep5\Prep5.csproj", "{E7A7D01D-EC54-4682-B3EB-5AACC34FEE6F}"
EndProject
Project("{2150E333-8FDC-42A3-9474-1A3956D46DE8}") = "final", "final", "{0E084888-FE15-452E-B937-AB6FBE3465EA}"
EndProject
Project("{9A19103F-16F7-4668-BE54-9A1E7A4F7556}") = "FinalProject", "final\FinalProject\FinalProject.csproj", "{81FB44A3-E3E0-4C4B-B9DA-AB4A4CAB5038}"
EndProject
Project("{9A19103F-16F7-4668-BE54-9A1E7A4F7556}") = "Foundation1", "final\Foundation1\Foundation1.csproj", "{57471773-39D2-48D9-AB06-F7C2365110DC}"
EndProject
Project("{9A19103F-16F7-4668-BE54-9A1E7A4F7556}") = "Foundation2", "final\Foundation2\Foundation2.csproj", "{2321B151-4245-49DA-8EDE-4586A4B22BBB}"
EndProject
Project("{9A19103F-16F7-4668-BE54-9A1E7A4F7556}") = "Foundation3", "final\Foundation3\Foundation3.csproj", "{952AEF6B-B9E6-45CF-892A-81150722994B}"
EndProject
Project("{9A19103F-16F7-4668-BE54-9A1E7A4F7556}") = "Foundation4", "final\Foundation4\Foundation4.csproj", "{0F227D83-3E8B-4B54-B7D9-CEC2902BD490}"
EndProject
Project("{2150E333-8FDC-42A3-9474-1A3956D46DE8}") = "prepare", "prepare", "{3AD6A8C0-1423-4E00-B2D3-931858A60709}"
EndProject
Project("{9A19103F-16F7-4668-BE54-9A1E7A4F7556}") = "Learning02", "prepare\Learning02\Learning02.csproj", "{B7703C3C-B1AA-4939-947D-EBFCB16C80C1}"
EndProject
Project("{9A19103F-16F7-4668-BE54-9A1E7A4F7556}") = "Learning03", "prepare\Learning03\Learning03.csproj", "{96972D0F-DC2D-42A5-8F1A-25C200505158}"
EndProject
Project("{9A19103F-16F7-4668-BE54-9A1E7A4F7556}") = "Learning04", "prepare\Learning04\Learning04.csproj", "{F81B93D1-A778-49A1-988E-CF66F0F74E3C}"
EndProject
Project("{9A19103F-16F7-4668-BE54-9A1E7A4F7556}") = "Learning05", "prepare\Learning05\Learning05.csproj", "{D1D2C82E-5C0B-46A5-9F5A-D0AAC9D48250}"
EndProject
Project("{2150E333-8FDC-42A3-9474-1A3956D46DE8}") = "prove", "prove", "{2DFE5AE6-BB87-4993-8B92-73712FCEBE32}"
EndProject
Project("{9A19103F-16F7-4668-BE54-9A1E7A4F7556}") = "Develop02", "prove\Develop02\Develop02.csproj", "{90BFCEC0-80BC-41F4-8399-3BE8F1D8517D}"
EndProject
Project("{9A19103F-16F7-4668-BE54-9A1E7A4F7556}") = "Develop03", "prove\Develop03\Develop03.csproj", "{045B75C7-0458-41BC-BCCC-7ED44D766EC1}"
EndProject
Project("{9A19103F-16F7-4668-BE54-9A1E7A4F7556}") = "Develop04", "prove\Develop04\Develop04.csproj", "{B9C7FE21-C46F-4DF6-9BCB-4F694AA59046}"
EndProject
Project("{9A19103F-16F7-4668-BE54-9A1E7A4F7556}") = "Develop05", "prove\Develop05\Develop05.csproj", "{764C69E4-89D4-441A-AFB0-7FC24A3C83D4}"
EndProject
Project("{2150E333-8FDC-42A3-9474-1A3956D46DE8}") = "sandbox", "sandbox", "{5687EB95-3DDC-42CF-A683-EB55079042CA}"
EndProject
Project("{9A19103F-16F7-4668-BE54-9A1E7A4F7556}") = "Sandbox", "sandbox\Sandbox\Sandbox.csproj", "{7A61401F-8AC9-4FE2-8960-5E45CE35475B}"
EndProject
Global
	GlobalSection(SolutionConfigurationPlatforms) = preSolution
		Debug|Any CPU = Debug|Any CPU
		Release|Any CPU = Release|Any CPU
	EndGlobalSection
	GlobalSection(ProjectConfigurationPlatforms) = postSolution
		{9B31C4E2-E74A-4573-8B83-7A1761798344}.Debug|Any CPU.ActiveCfg = Debug|Any CPU
		{9B31C4E2-E74A-4573-8B83-7A1761798344}.Debug|Any CPU.Build.0 = Debug|Any CPU
		{9B31C4E2-E74A-4573-8B83-7A1761798344}.Release|Any CPU.ActiveCfg = Release|Any CPU
		{9B31C4E2-E74A-4573-8B83-7A1761798344}.Release|Any CPU.Build.0 = Release|Any CPU
		{42602A83-126D-446D-B355-AD82F0D05429}.Debug|Any CPU.ActiveCfg = Debug|Any CPU
		{42602A83-126D-446D-B355-AD82F0D05429}.Debug|Any CPU.Build.0 = Debug|Any CPU
		{42602A83-126D-446D-B355-AD82F0D05429}.Release|Any CPU.ActiveCfg = Release|Any CPU
		{42602A83-126D-446D-B355-AD82F0D05429}.Release|Any CPU.Build.0 = Release|Any CPU
		{66603EAA-2048-4D06-AF89-E00685F7ACD6}.Debug|Any CPU.ActiveCfg = Debug|Any CPU
		{66603EAA-2048-4D06-AF89-E00685F7ACD6}.Debug|Any CPU.Build.0 = Debug|Any CPU
		{66603EAA-2048-4D06-AF89-E00685F7ACD6}.Release|Any CPU.ActiveCfg = Release|Any CPU
		{66603EAA-2048-4D06-AF89-E00685F7ACD6}.Release|Any CPU.Build.0 = Release|Any CPU
		{06D3AA24-1D67-4B61-8569-03D6DFFC3C0A}.Debug|Any CPU.ActiveCfg = Debug|Any CPU
		{06D3AA24-1D67-4B61-8569-03D6DFFC3C0A}.Debug|Any CPU.Build.0 = Debug|Any CPU
		{06D3AA24-1D67-4B61-8569-03D6DFFC3C0A}.Release|Any CPU.ActiveCfg = Release|Any CPU
		{06D3AA24-1D67-4B61-8569-03D6DFFC3C0A}.Release|Any CPU.Build.0 = Release|Any CPU
		{E7A7D01D-EC54-4682-B3EB-5AACC34FEE6F}.Debug|Any CPU.ActiveCfg = Debug|Any CPU
		{E7A7D01D-EC54-4682-B3EB-5AACC34FEE6F}.Debug|Any CPU.Build.0 = Debug|Any CPU
		{E7A7D01D-EC54-4682-B3EB-5AACC34FEE6F}.Release|Any CPU.ActiveCfg = Release|Any CPU
		{E7A7D01D-EC54-4682-B3EB-5AACC34FEE6F}.Release|Any CPU.Build.0 = Release|Any CPU
		{81FB44A3-E3E0-4C4B-B9DA-AB4A4CAB5038}.Debug|Any CPU.ActiveCfg = Debug|Any CPU
		{81FB44A3-E3E0-4C4B-B9DA-AB4A4CAB5038}.Debug|Any CPU.Build.0 = Debug|Any CPU
		{81FB44A3-E3E0-4C4B-B9DA-AB4A4CAB5038}.Release|Any CPU.ActiveCfg = Release|Any CPU
		{81FB44A3-E3E0-4C4B-B9DA-AB4A4CAB5038}.Release|Any CPU.Build.0 = Release|Any CPU
		{57471773-39D2-48D9-AB06-F7C2365110DC}.Debug|Any CPU.ActiveCfg = Debug|Any CPU
		{57471773-39D2-48D9-AB06-F7C2365110DC}.Debug|Any CPU.Build.0 = Debug|Any CPU
		{57471773-39D2-48D9-AB06-F7C2365110DC}.Release|Any CPU.ActiveCfg = Release|Any CPU
		{57471773-39D2-48D9-AB06-F7C2365110DC}.Release|Any CPU.Build.0 = Release|Any CPU
		{2321B151-4245-49DA-8EDE-4586A4B22BBB}.Debug|Any CPU.ActiveCfg = Debug|Any CPU
		{2321B151-4245-49DA-8EDE-4586A4B22BBB}.Debug|Any CPU.Build.0 = Debug|Any CPU
		{2321B151-4245-49DA-8EDE-4586A4B22BBB}.Release|Any CPU.ActiveCfg = Release|Any CPU
		{2321B151-4245-49DA-8EDE-4586A4B22BBB}.Release|Any CPU.Build.0 = Release|Any CPU
		{952AEF6B-B9E6-45CF-892A-81150722994B}.Debug|Any CPU.ActiveCfg = Debug|Any CPU
		{952AEF6B-B9E6-45CF-892A-81150722994B}.Debug|Any CPU.Build.0 = Debug|Any CPU
		{952AEF6B-B9E6-45CF-892A-81150722994B}.Release|Any CPU.ActiveCfg = Release|Any CPU
		{952AEF6B-B9E6-45CF-892A-81150722994B}.Release|Any CPU.Build.0 = Release|Any CPU
		{0F227D83-3E8B-4B54-B7D9-CEC2902BD490}.Debug|Any CPU.ActiveCfg = Debug|Any CPU
		{0F227D83-3E8B-4B54-B7D9-CEC2902BD490}.Debug|Any CPU.Build.0 = Debug|Any CPU
		{0F227D83-3E8B-4B54-B7D9-CEC2902BD490}.Release|Any CPU.ActiveCfg = Release|Any CPU
		{0F227D83-3E8B-4B54-B7D9-CEC2902BD490}.Release|Any CPU.Build.0 = Release|Any CPU
		{B7703C3C-B1AA-4939-947D-EBFCB16C80C1}.Debug|Any CPU.ActiveCfg = Debug|Any CPU
		{B7703C3C-B1AA-4939-947D-EBFCB16C80C1}.Debug|Any CPU.Build.0 = Debug|Any CPU
		{B7703C3C-B1AA-4939-947D-EBFCB16C80C1}.Release|Any CPU.ActiveCfg = Release|Any CPU
		{B7703C3C-B1AA-4939-947D-EBFCB16C80C1}.Release|Any CPU.Build.0 = Release|Any CPU
		{96972D0F-DC2D-42A5-8F1A-25C200505158}.Debug|Any CPU.ActiveCfg = Debug|Any CPU
		{96972D0F-DC2D-42A5-8F1A-25C200505158}.Debug|Any CPU.Build.0 = Debug|Any CPU
		{96972D0F-DC2D-42A5-8F1A-25C200505158}.Release|Any CPU.ActiveCfg = Release|Any CPU
		{96972D0F-DC2D-42A5-8F1A-25C200505158}.Release|Any CPU.Build.0 = Release|Any CPU
		{F81B93D1-A778-49A1-988E-CF66F0F74E3C}.Debug|Any CPU.ActiveCfg = Debug|Any CPU
		{F81B93D1-A778-49A1-988E-CF66F0F74E3C}.Debug|Any CPU.Build.0 = Debug|Any CPU
		{F81B93D1-A778-49A1-988E-CF66F0F74E3C}.Release|Any CPU.ActiveCfg = Release|Any CPU
		{F81B93D1-A778-49A1-988E-CF66F0F74E3C}.Release|Any CPU.Build.0 = Release|Any CPU
		{D1D2C82E-5C0B-46A5-9F5A-D0AAC9D48250}.Debug|Any CPU.ActiveCfg = Debug|Any CPU
		{D1D2C82E-5C0B-46A5-9F5A-D0AAC9D48250}.Debug|Any CPU.Build.0 = Debug|Any CPU
		{D1D2C82E-5C0B-46A5-9F5A-D0AAC9D48250}.Release|Any CPU.ActiveCfg = Release|Any CPU
		{D1D2C82E-5C0B-46A5-9F5A-D0AAC9D48250}.Release|Any CPU.Build.0 = Release|Any CPU
		{90BFCEC0-80BC-41F4-8399-3BE8F1D8517D}.Debug|Any CPU.ActiveCfg = Debug|Any CPU
		{90BFCEC0-80BC-41F4-8399-3BE8F1D8517D}.Debug|Any CPU.Build.0 = Debug|Any CPU
		{90BFCEC0-80BC-41F4-8399-3BE8F1D8517D}.Release|Any CPU.ActiveCfg = Release|Any CPU
		{90BFCEC0-80BC-41F4-8399-3BE8F1D8517D}.Release|Any CPU.Build.0 = Release|Any CPU
		{045B75C7-0458-41BC-BCCC-7ED44D766EC1}.Debug|Any CPU.ActiveCfg = Debug|Any CPU
		{045B75C7-0458-41BC-BCCC-7ED44D766EC1}.Debug|Any CPU.Build.0 = Debug|Any CPU
		{045B75C7-0458-41BC-BCCC-7ED44D766EC1}.Release|Any CPU.ActiveCfg = Release|Any CPU
		{045B75C7-0458-41BC-BCCC-7ED44D766EC1}.Release|Any CPU.Build.0 = Release|Any CPU
		{B9C7FE21-C46F-4DF6-9BCB-4F694AA59046}.Debug|Any CPU.ActiveCfg = Debug|Any CPU
		{B9C7FE21-C46F-4DF6-9BCB-4F694AA59046}.Debug|Any CPU.Build.0 = Debug|Any CPU
		{B9C7FE21-C46F-4DF6-9BCB-4F694AA59046}.Release|Any CPU.ActiveCfg = Release|Any CPU
		{B9C7FE21-C46F-4DF6-9BCB-4F694AA59046}.Release|Any CPU.Build.0 = Release|Any CPU
		{764C69E4-89D4-441A-AFB0-7FC24A3C83D4}.Debug|Any CPU.ActiveCfg = Debug|Any CPU
		{764C69E4-89D4-441A-AFB0-7FC24A3C83D4}.Debug|Any CPU.Build.0 = Debug|Any CPU
		{764C69E4-89D4-441A-AFB0-7FC24A3C83D4}.Release|Any CPU.ActiveCfg = Release|Any CPU
		{764C69E4-89D4-441A-AFB0-7FC24A3C83D4}.Release|Any CPU.Build.0 = Release|Any CPU
		{7A61401F-8AC9-4FE2-8960-5E45CE35475B}.Debug|Any CPU.ActiveCfg = Debug|Any CPU
		{7A61401F-8AC9-4FE2-8960-5E45CE35475B}.Debug|Any CPU.Build.0 = Debug|Any CPU
		{7A61401F-8AC9-4FE2-8960-5E45CE35475B}.Release|Any CPU.ActiveCfg = Release|Any CPU
		{7A61401F-8AC9-4FE2-8960-5E45CE35475B}.Release|Any CPU.Build.0 = Release|Any CPU
	EndGlobalSection
	GlobalSection(SolutionProperties) = preSolution
		HideSolutionNode = FALSE
	EndGlobalSection
	GlobalSection(NestedProjects) = preSolution
		{9B31C4E2-E74A-4573-8B83-7A1761798344} = {4A1C614D-8195-41F5-81C9-EA356E988217}
		{42602A83-126D-446D-B355-AD82F0D05429} = {4A1C614D-8195-41F5-81C9-EA356E988217}
		{66603EAA-2048-4D06-AF89-E00685F7ACD6} = {4A1C614D-8195-41F5-81C9-EA356E988217}
		{06D3AA24-1D67-4B61-8569-03D6DFFC3C0A} = {4A1C614D-8195-41F5-81C9-EA356E988217}
		{E7A7D01D-EC54-4682-B3EB-5AACC34FEE6F} = {4A1C614D-8195-41F5-81C9-EA356E988217}
		{81FB44A3-E3E0-4C4B-B9DA-AB4A4CAB5038} = {0E084888-FE15-452E-B937-AB6FBE3465EA}
		{57471773-39D2-48D9-AB06-F7C2365110DC} = {0E084888-FE15-452E-B937-AB6FBE3465EA}
		{2321B151-4245-49DA-8EDE-4586A4B22BBB} = {0E084888-FE15-452E-B937-AB6FBE3465EA}
		{952AEF6B-B9E6-45CF-892A-81150722994B} = {0E084888-FE15-452E-B937-AB6FBE3465EA}
		{0F227D83-3E8B-4B54-B7D9-CEC2902BD490} = {0E084888-FE15-452E-B937-AB6FBE3465EA}
		{B7703C3C-B1AA-4939-947D-EBFCB16C80C1} = {3AD6A8C0-1423-4E00-B2D3-931858A60709}
		{96972D0F-DC2D-42A5-8F1A-25C200505158} = {3AD6A8C0-1423-4E00-B2D3-931858A60709}
		{F81B93D1-A778-49A1-988E-CF66F0F74E3C} = {3AD6A8C0-1423-4E00-B2D3-931858A60709}
		{D1D2C82E-5C0B-46A5-9F5A-D0AAC9D48250} = {3AD6A8C0-1423-4E00-B2D3-931858A60709}
		{90BFCEC0-80BC-41F4-8399-3BE8F1D8517D} = {2DFE5AE6-BB87-4993-8B92-73712FCEBE32}
		{045B75C7-0458-41BC-BCCC-7ED44D766EC1} = {2DFE5AE6-BB87-4993-8B92-73712FCEBE32}
		{B9C7FE21-C46F-4DF6-9BCB-4F694AA59046} = {2DFE5AE6-BB87-4993-8B92-73712FCEBE32}
		{764C69E4-89D4-441A-AFB0-7FC24A3C83D4} = {2DFE5AE6-BB87-4993-8B92-73712FCEBE32}
		{7A61401F-8AC9-4FE2-8960-5E45CE35475B} = {5687EB95-3DDC-42CF-A683-EB55079042CA}
	EndGlobalSection
	GlobalSection(ExtensibilityGlobals) = postSolution
		SolutionGuid = {A4253721-E76E-4D65-89EF-C757CA1B3C65}
	EndGlobalSection
EndGlobal
